{
  "projects": [
    {
      "projectId": "b7qxVGc4J2aoxUpARxxPVV",
      "version": "latest",
      "dependencies": {},
      "lang": "ts",
      "fileLocks": [
        {
          "type": "globalVariant",
          "assetId": "BfAeazZolEHUS",
          "checksum": "55c62d0e801d11366690539f143c4445"
        },
        {
          "type": "renderModule",
          "assetId": "tKVfRngsljsxH",
          "checksum": "7d580427558edfb7bc897b3b8fe04c35"
        },
        {
          "type": "cssRules",
          "assetId": "tKVfRngsljsxH",
          "checksum": "7d580427558edfb7bc897b3b8fe04c35"
        },
        {
          "type": "renderModule",
          "assetId": "P3BswEn_gt1WP",
          "checksum": "5b570538abc1a9b54aaa87ab5e0fb818"
        },
        {
          "type": "cssRules",
          "assetId": "P3BswEn_gt1WP",
          "checksum": "5b570538abc1a9b54aaa87ab5e0fb818"
        },
        {
          "type": "renderModule",
          "assetId": "YN7pglS4mcVKu",
          "checksum": "a3c6638509ac0c1320ae7aee48b1e251"
        },
        {
          "type": "cssRules",
          "assetId": "YN7pglS4mcVKu",
          "checksum": "a3c6638509ac0c1320ae7aee48b1e251"
        },
        {
          "type": "renderModule",
          "assetId": "BBnBngbU-SWcU",
          "checksum": "292d49d6ef753248080d99b5c4cfc3f8"
        },
        {
          "type": "cssRules",
          "assetId": "BBnBngbU-SWcU",
          "checksum": "292d49d6ef753248080d99b5c4cfc3f8"
        },
        {
          "type": "renderModule",
          "assetId": "YLg_xYY5lZJcMe",
          "checksum": "0551936a028dd6a1350ca4bcce8ae394"
        },
        {
          "type": "cssRules",
          "assetId": "YLg_xYY5lZJcMe",
          "checksum": "0551936a028dd6a1350ca4bcce8ae394"
        },
        {
          "type": "renderModule",
          "assetId": "Mt936vgmlbhfCw",
          "checksum": "ab29d54886295f4ae9bedc762402e290"
        },
        {
          "type": "cssRules",
          "assetId": "Mt936vgmlbhfCw",
          "checksum": "ab29d54886295f4ae9bedc762402e290"
        },
        {
          "type": "renderModule",
          "assetId": "mkuY5Znd7ymWD",
          "checksum": "a516fb9e69cb36601e02012c9da90497"
        },
        {
          "type": "cssRules",
          "assetId": "mkuY5Znd7ymWD",
          "checksum": "a516fb9e69cb36601e02012c9da90497"
        },
        {
          "type": "renderModule",
          "assetId": "s_4mE5zkCqOBb",
          "checksum": "5ffdc2bc7f480824c4db86cc63daa13a"
        },
        {
          "type": "cssRules",
          "assetId": "s_4mE5zkCqOBb",
          "checksum": "5ffdc2bc7f480824c4db86cc63daa13a"
        },
        {
          "type": "renderModule",
          "assetId": "oCiv5DT4-5-aG",
          "checksum": "adfdc243bdb34991b4f082d50d94bcf1"
        },
        {
          "type": "cssRules",
          "assetId": "oCiv5DT4-5-aG",
          "checksum": "adfdc243bdb34991b4f082d50d94bcf1"
        },
        {
          "type": "renderModule",
          "assetId": "YeffN91NRPGh2",
          "checksum": "be869d5dcd023a00b5602fab96698cc9"
        },
        {
          "type": "cssRules",
          "assetId": "YeffN91NRPGh2",
          "checksum": "be869d5dcd023a00b5602fab96698cc9"
        },
        {
          "type": "renderModule",
          "assetId": "67Bru7ubRGemv",
          "checksum": "59c1d631cebeb59829d7ef8d60f792fa"
        },
        {
          "type": "cssRules",
          "assetId": "67Bru7ubRGemv",
          "checksum": "59c1d631cebeb59829d7ef8d60f792fa"
        },
        {
          "type": "icon",
          "assetId": "iq4pKSD49fF6h",
          "checksum": "85dcfdd13c20092bdda3848c40d5eea9"
        },
        {
          "type": "icon",
          "assetId": "gLxOyDtMNclnE",
          "checksum": "dff690263a57a67981454c7b8e4fc437"
        },
        {
          "type": "icon",
          "assetId": "0ZGmOijk4YoEi",
          "checksum": "fe043e01b0d905ae944952c9de2976a9"
        },
        {
          "type": "icon",
          "assetId": "Qkb7UPbfRnftu",
          "checksum": "20c1bd7c8d02b473acbe4e9a91386aa3"
        },
        {
          "type": "icon",
          "assetId": "XBPPW7yNRLRp8",
          "checksum": "887c49a750532cfbd32dbebd464df6fc"
        },
        {
          "type": "icon",
          "assetId": "bqMcqxafBYj8q",
          "checksum": "581b85628c6011daf470e2db660ba58c"
        },
        {
          "type": "icon",
          "assetId": "ZaVmYufOkQYa-",
          "checksum": "28f13cbb953e3395bea80f94df3f493c"
        },
        {
          "type": "icon",
          "assetId": "3Yvf47nrim-n_",
          "checksum": "0afaef55e65b5ef49d29c3ec4ec27227"
        },
        {
          "type": "icon",
          "assetId": "ux7ZMjlfao5rQ",
          "checksum": "3e76c4a158964e0d465e5c9d99fa03a9"
        },
        {
          "type": "image",
          "assetId": "XTwi-jhV7Jpnd",
          "checksum": "8f2edd1acb091a4caecac4ebd4409728"
        },
        {
          "type": "image",
          "assetId": "PnLXULMOe129w",
          "checksum": "6b3c1475852a72a89716716b98348bbb"
        },
        {
          "type": "image",
          "assetId": "5cSgTVK6Yp8rz",
          "checksum": "155d976db667f710077e7a9c0066ed26"
        },
        {
          "type": "image",
          "assetId": "amdLGKREsDeMl",
          "checksum": "44703268655926f412027f7a2fd26d44"
        },
        {
          "type": "image",
          "assetId": "geSnDKh9vYXo6",
          "checksum": "740fdccce731c3ab2bce522ed7756b28"
        },
        {
          "type": "image",
          "assetId": "Y_YVOXC-EY_5H",
          "checksum": "538a7fa784aafb914e96bbd2bc656234"
        },
        {
          "type": "image",
          "assetId": "4vclt7iO2_Tn9",
          "checksum": "81d7a5ce8a02310472137c815de96542"
        },
        {
          "type": "image",
          "assetId": "oRg7z0yGC5iqH",
          "checksum": "1240344ff40728a26a2007c7aa95db26"
        },
        {
          "type": "image",
          "assetId": "jZkvzqttv5nq6",
          "checksum": "a5a7be266c421d4a5b8a56e27138705d"
        },
        {
          "type": "image",
          "assetId": "0qQ6lNXBJgaIj",
          "checksum": "13f49fc25f3cb6bfa0f76481e3bce433"
        },
        {
          "type": "image",
          "assetId": "vrwJH9Qqn12Tb",
          "checksum": "b646ad0c62ba33db5cd4c92627e9cdde"
        },
        {
          "type": "image",
          "assetId": "9EFl43LdSTRY9",
          "checksum": "5b6eb5e7aade6328b65f1367b0bb58df"
        },
        {
          "type": "image",
          "assetId": "oVHa1lOcZLIKp",
          "checksum": "0c6d5e3ad5044a9ffc0483ca54859f65"
        },
        {
          "type": "image",
          "assetId": "-HpdghYIHrq9-",
          "checksum": "f3558073c83e7f897676fb48403fa4f4"
        },
        {
          "type": "image",
          "assetId": "kXteUYj7T-9H1",
          "checksum": "fdebc5cb9800e57907cbb506d57178d0"
        },
        {
          "type": "image",
          "assetId": "BlJO03hIFk4qT",
          "checksum": "21b30b2e5dbf0dfdef8080f5cfaa910e"
        },
        {
          "type": "image",
          "assetId": "vB2bPSMi5cFEu",
          "checksum": "fab287a9d5856bfba13258ca7236981f"
        },
        {
          "type": "image",
          "assetId": "SE4h7D3-XxT-k",
          "checksum": "3d9089ea038ba94e7addb2a074f596ad"
        },
        {
          "type": "image",
          "assetId": "PIjhTGQ0QOcm_",
          "checksum": "82e0007ae05af819edb7873f2f4f0c7a"
        },
        {
          "type": "image",
          "assetId": "M7yN8wXuKn2Vj",
          "checksum": "1cdcb2e03eb2ef4bb071c766497b832d"
        },
        {
          "type": "image",
          "assetId": "8Cz56Fhrtro8e",
          "checksum": "4815d58dbb3e6f9a30d48ed870ad38c3"
        },
        {
          "type": "image",
          "assetId": "NFkreLKdxrnmi",
          "checksum": "7f4c1b595ec1026c0874672a20af0ee6"
        },
        {
          "type": "image",
          "assetId": "CPBUdlZZXJ5_z",
          "checksum": "05962b02885bb6fcea7d5d27c80d63fc"
        },
        {
          "type": "image",
          "assetId": "uLIei3Jf-_sj9",
          "checksum": "a4c7d21aa8269f77b281c18ad6f6069d"
        },
        {
          "type": "image",
          "assetId": "X_krLhzUR6Sxx",
          "checksum": "fdab51b5ef21c616d2fec675460431c3"
        },
        {
          "type": "image",
          "assetId": "ZI2BVpcquP1EN",
          "checksum": "8dfcc0dff92c99a7d94973b2d3e7aa66"
        },
        {
          "type": "image",
          "assetId": "3cQQ0sCF_RD87",
          "checksum": "6e0d416962156008779f9768079f9aae"
        },
        {
          "type": "image",
          "assetId": "HbxtPgCGFgqib",
          "checksum": "fbbbdb390d3894f010044ecce7b3f1cf"
        },
        {
          "type": "image",
          "assetId": "uXqMgl8TpIgwh",
          "checksum": "c7b1ea01d62566c9d40d3cfda5782dda"
        },
        {
          "type": "image",
          "assetId": "K6gBZyYMqSi78",
          "checksum": "e823dd0e18cad08774b681b5becb69cf"
        },
        {
          "type": "image",
          "assetId": "2L1mJIMaMvCBP",
          "checksum": "6abde5aaded453b5d8288cf539c6a60f"
        },
        {
          "type": "image",
          "assetId": "BVk8i4qRovm6o",
          "checksum": "0e6a315c1267beda44560c85c01df54f"
        },
        {
          "type": "image",
          "assetId": "o6PDgKM_s6tOS",
          "checksum": "0dbf2b265a75d62ad524cc8d635b8dd8"
        },
        {
          "type": "image",
          "assetId": "-7dm86Z_0yDds",
          "checksum": "112828c544346fab365edf1666d4b01f"
        },
        {
          "type": "image",
          "assetId": "6Z18mcDe9XA6_",
          "checksum": "9a7249c211e519a2fc9f81559f2f142e"
        },
        {
          "type": "image",
          "assetId": "FzD-_6Deeb075",
          "checksum": "c01ed7b0eb7037eedef07b580caefcd5"
        },
        {
          "type": "image",
          "assetId": "LDxwDglPitDWn",
          "checksum": "e1f4ce9b33cb4d315800b61540189eef"
        },
        {
          "type": "renderModule",
          "assetId": "MPONTxsHvs",
          "checksum": "3f4cd7e266f64543898079ae7758e915"
        },
        {
          "type": "cssRules",
          "assetId": "MPONTxsHvs",
          "checksum": "3f4cd7e266f64543898079ae7758e915"
        },
        {
          "type": "icon",
          "assetId": "GV2NCu_cHg",
          "checksum": "6975a4b1569a4d10b137d9954ec35c26"
        },
        {
          "type": "icon",
          "assetId": "Mul6xsQEqR",
          "checksum": "f97e53a0965815d0313504475a48ea35"
        },
        {
          "type": "image",
          "assetId": "uVCLoxib1",
          "checksum": "083c471c61c3f6964ea3e754f2289ce8"
        },
        {
          "type": "image",
          "assetId": "Hp3deoLvZ",
          "checksum": "a1de2f014f1830b7384babbba7aa27cb"
        },
        {
          "type": "image",
          "assetId": "IrA4bTPXo",
          "checksum": "c216043e0da6606baf6e0a7e132758fb"
        },
        {
          "type": "image",
          "assetId": "K6bAinB0m",
          "checksum": "3b4f4dfec58c96feb86a45c1ae5470a6"
        },
        {
          "type": "image",
          "assetId": "nhdq07IIJ",
          "checksum": "2befd12df19915b98e57baa8a24d5b45"
        },
        {
          "type": "image",
          "assetId": "-METOGFXV",
          "checksum": "86ec09c7c58d2b4bedb8ebf8c8cefb4d"
        },
        {
          "type": "image",
          "assetId": "lpL7deeap",
          "checksum": "de081d701915359cf46020d9d8ecdcd3"
        },
        {
          "type": "image",
          "assetId": "kKuvqyb2k",
          "checksum": "0a91bd69e6544f46e8947e8c3d5aa7b8"
        },
        {
          "type": "image",
          "assetId": "s69ajlaUe",
          "checksum": "62d9893d15deb3150ec7359e4de8ffee"
        },
        {
          "type": "icon",
          "assetId": "5Anq-IxHgPo",
          "checksum": "1f8f6466395411cd7ad63f22b03c5b67"
        },
        {
          "type": "image",
          "assetId": "h010JuuHP4m",
          "checksum": "70c14429b481f5f7d894d75186d48b0d"
        },
        {
          "type": "image",
          "assetId": "qoCaFV7KElx",
          "checksum": "87df4551cb77c9dba4e618f6f3a81740"
        },
        {
          "type": "image",
          "assetId": "i-F5NAS6bM_",
          "checksum": "1cdc6be5a91ca37cd762952f342761f2"
        },
        {
          "type": "image",
          "assetId": "3nkLOOhkpj7",
          "checksum": "55d575d40592193cb2564520da48852a"
        },
        {
          "type": "image",
          "assetId": "vj5AI0NjXPC",
          "checksum": "cf91d5c185ad7bd66404163c63ee9f99"
        },
        {
          "type": "image",
          "assetId": "vq0zPhW-Bwq",
          "checksum": "3624edfafd3ca86d573bbd62eb004a0e"
        },
        {
          "type": "image",
          "assetId": "Azmi4BPHfgj",
          "checksum": "2488319ed999d671e64bc2b50a24c84f"
        },
        {
          "type": "image",
          "assetId": "aL9P1JtdNvs",
          "checksum": "c6a2dd4e1d982c8c7455c23c71103ec6"
        },
        {
          "type": "image",
          "assetId": "Ja6RSJS5iyU",
          "checksum": "e84ee243bc2f306037cbdfaf2b4cfbda"
        },
        {
          "type": "image",
          "assetId": "wQNKZbru7tN",
          "checksum": "7ab6159bc0170fc56ced882f8f0425ca"
        },
        {
          "type": "image",
          "assetId": "ArGi6LIIW",
          "checksum": "b9c65aef5ba698fced336b472f7e9983"
        },
        {
          "assetId": "b7qxVGc4J2aoxUpARxxPVV",
          "type": "projectCss",
          "checksum": "5b667377b1f23356ea1977aaf27f6629"
        }
      ],
      "codegenVersion": "0.0.1"
    }
  ],
  "cliVersion": "0.1.186"
}
